
Microsoft Visual Studio Solution File, Format Version 12.00
# Visual Studio Version 16
VisualStudioVersion = 16.0.31624.102
MinimumVisualStudioVersion = 10.0.40219.1
Project("{9A19103F-16F7-4668-BE54-9A1E7A4F7556}") = "bonfml_back", "bonfml_back.csproj", "{0BBB6418-198C-4FEC-8038-39684B77FC51}"
EndProject
Global
	GlobalSection(SolutionConfigurationPlatforms) = preSolution
		Debug|Any CPU = Debug|Any CPU
		Release|Any CPU = Release|Any CPU
	EndGlobalSection
	GlobalSection(ProjectConfigurationPlatforms) = postSolution
		{0BBB6418-198C-4FEC-8038-39684B77FC51}.Debug|Any CPU.ActiveCfg = Debug|Any CPU
		{0BBB6418-198C-4FEC-8038-39684B77FC51}.Debug|Any CPU.Build.0 = Debug|Any CPU
		{0BBB6418-198C-4FEC-8038-39684B77FC51}.Release|Any CPU.ActiveCfg = Release|Any CPU
		{0BBB6418-198C-4FEC-8038-39684B77FC51}.Release|Any CPU.Build.0 = Release|Any CPU
	EndGlobalSection
	GlobalSection(SolutionProperties) = preSolution
		HideSolutionNode = FALSE
	EndGlobalSection
	GlobalSection(ExtensibilityGlobals) = postSolution
		SolutionGuid = {2917C459-1D7A-40ED-B725-BDE75F813BE7}
	EndGlobalSection
EndGlobal
